
Microsoft Visual Studio Solution File, Format Version 12.00
# Visual Studio Version 16
VisualStudioVersion = 16.0.30503.244
MinimumVisualStudioVersion = 10.0.40219.1
Project("{F184B08F-C81C-45F6-A57F-5ABD9991F28F}") = "AssessmentTask1-KyanPerez", "AssessmentTask1-KyanPerez\AssessmentTask1-KyanPerez.vbproj", "{C22C842B-BFC1-41CC-8440-04E698A911E2}"
EndProject
Global
	GlobalSection(SolutionConfigurationPlatforms) = preSolution
		Debug|Any CPU = Debug|Any CPU
		Release|Any CPU = Release|Any CPU
	EndGlobalSection
	GlobalSection(ProjectConfigurationPlatforms) = postSolution
		{C22C842B-BFC1-41CC-8440-04E698A911E2}.Debug|Any CPU.ActiveCfg = Debug|Any CPU
		{C22C842B-BFC1-41CC-8440-04E698A911E2}.Debug|Any CPU.Build.0 = Debug|Any CPU
		{C22C842B-BFC1-41CC-8440-04E698A911E2}.Release|Any CPU.ActiveCfg = Release|Any CPU
		{C22C842B-BFC1-41CC-8440-04E698A911E2}.Release|Any CPU.Build.0 = Release|Any CPU
	EndGlobalSection
	GlobalSection(SolutionProperties) = preSolution
		HideSolutionNode = FALSE
	EndGlobalSection
	GlobalSection(ExtensibilityGlobals) = postSolution
		SolutionGuid = {872875FA-E198-4F17-A6E2-EBFB711A02F3}
	EndGlobalSection
EndGlobal
